
Microsoft Visual Studio Solution File, Format Version 12.00
# Visual Studio Version 17
VisualStudioVersion = 17.3.32825.248
MinimumVisualStudioVersion = 10.0.40219.1
Project("{2150E333-8FDC-42A3-9474-1A3956D46DE8}") = "解决方案项", "解决方案项", "{3656D19C-5692-4EBA-AEC7-92F5054C5756}"
EndProject
Project("{9A19103F-16F7-4668-BE54-9A1E7A4F7556}") = "图片分拣机", "图片分拣机\图片分拣机.csproj", "{71A441E7-1C30-467A-93A0-814BAAFA6C4D}"
EndProject
Project("{9A19103F-16F7-4668-BE54-9A1E7A4F7556}") = "SmpForm", "SmpForm\SmpForm.csproj", "{D045E227-CDA4-4FD2-A23F-E2E70356ADD5}"
EndProject
Project("{9A19103F-16F7-4668-BE54-9A1E7A4F7556}") = "BoomPlane", "BoomPlane\BoomPlane.csproj", "{D165F7E5-860A-41FB-9991-21D481E8577F}"
EndProject
Project("{9A19103F-16F7-4668-BE54-9A1E7A4F7556}") = "Form试键器", "Form试键器\Form试键器.csproj", "{661546A6-31D8-4885-9142-5A0CDF2BF9E3}"
EndProject
Project("{9A19103F-16F7-4668-BE54-9A1E7A4F7556}") = "SmpConsole", "SmpConsole\SmpConsole.csproj", "{F4DE0C92-F752-4F56-8B11-1F76AD18C11C}"
EndProject
Project("{9A19103F-16F7-4668-BE54-9A1E7A4F7556}") = "春节组队双败赛", "春节组队双败赛\春节组队双败赛.csproj", "{AA885C34-5AFD-47F4-996D-0B347485332D}"
EndProject
Project("{9A19103F-16F7-4668-BE54-9A1E7A4F7556}") = "图片分拣机辅助", "图片分拣机辅助\图片分拣机辅助.csproj", "{5AC033CE-5923-4428-BA50-A92F2CFC7B2F}"
EndProject
Project("{9A19103F-16F7-4668-BE54-9A1E7A4F7556}") = "夜雀食堂 Beta2", "夜雀食堂 Beta2\夜雀食堂 Beta2.csproj", "{7C87FBE2-183C-4522-BE55-3CD84E40BAD3}"
EndProject
Global
	GlobalSection(SolutionConfigurationPlatforms) = preSolution
		Debug|Any CPU = Debug|Any CPU
		Debug|x64 = Debug|x64
		Debug|x86 = Debug|x86
		Release|Any CPU = Release|Any CPU
		Release|x64 = Release|x64
		Release|x86 = Release|x86
	EndGlobalSection
	GlobalSection(ProjectConfigurationPlatforms) = postSolution
		{71A441E7-1C30-467A-93A0-814BAAFA6C4D}.Debug|Any CPU.ActiveCfg = Debug|Any CPU
		{71A441E7-1C30-467A-93A0-814BAAFA6C4D}.Debug|Any CPU.Build.0 = Debug|Any CPU
		{71A441E7-1C30-467A-93A0-814BAAFA6C4D}.Debug|x64.ActiveCfg = Debug|Any CPU
		{71A441E7-1C30-467A-93A0-814BAAFA6C4D}.Debug|x64.Build.0 = Debug|Any CPU
		{71A441E7-1C30-467A-93A0-814BAAFA6C4D}.Debug|x86.ActiveCfg = Debug|Any CPU
		{71A441E7-1C30-467A-93A0-814BAAFA6C4D}.Debug|x86.Build.0 = Debug|Any CPU
		{71A441E7-1C30-467A-93A0-814BAAFA6C4D}.Release|Any CPU.ActiveCfg = Release|Any CPU
		{71A441E7-1C30-467A-93A0-814BAAFA6C4D}.Release|Any CPU.Build.0 = Release|Any CPU
		{71A441E7-1C30-467A-93A0-814BAAFA6C4D}.Release|x64.ActiveCfg = Release|Any CPU
		{71A441E7-1C30-467A-93A0-814BAAFA6C4D}.Release|x64.Build.0 = Release|Any CPU
		{71A441E7-1C30-467A-93A0-814BAAFA6C4D}.Release|x86.ActiveCfg = Release|Any CPU
		{71A441E7-1C30-467A-93A0-814BAAFA6C4D}.Release|x86.Build.0 = Release|Any CPU
		{D045E227-CDA4-4FD2-A23F-E2E70356ADD5}.Debug|Any CPU.ActiveCfg = Debug|Any CPU
		{D045E227-CDA4-4FD2-A23F-E2E70356ADD5}.Debug|Any CPU.Build.0 = Debug|Any CPU
		{D045E227-CDA4-4FD2-A23F-E2E70356ADD5}.Debug|x64.ActiveCfg = Debug|Any CPU
		{D045E227-CDA4-4FD2-A23F-E2E70356ADD5}.Debug|x64.Build.0 = Debug|Any CPU
		{D045E227-CDA4-4FD2-A23F-E2E70356ADD5}.Debug|x86.ActiveCfg = Debug|Any CPU
		{D045E227-CDA4-4FD2-A23F-E2E70356ADD5}.Debug|x86.Build.0 = Debug|Any CPU
		{D045E227-CDA4-4FD2-A23F-E2E70356ADD5}.Release|Any CPU.ActiveCfg = Release|Any CPU
		{D045E227-CDA4-4FD2-A23F-E2E70356ADD5}.Release|Any CPU.Build.0 = Release|Any CPU
		{D045E227-CDA4-4FD2-A23F-E2E70356ADD5}.Release|x64.ActiveCfg = Release|Any CPU
		{D045E227-CDA4-4FD2-A23F-E2E70356ADD5}.Release|x64.Build.0 = Release|Any CPU
		{D045E227-CDA4-4FD2-A23F-E2E70356ADD5}.Release|x86.ActiveCfg = Release|Any CPU
		{D045E227-CDA4-4FD2-A23F-E2E70356ADD5}.Release|x86.Build.0 = Release|Any CPU
		{D165F7E5-860A-41FB-9991-21D481E8577F}.Debug|Any CPU.ActiveCfg = Debug|Any CPU
		{D165F7E5-860A-41FB-9991-21D481E8577F}.Debug|Any CPU.Build.0 = Debug|Any CPU
		{D165F7E5-860A-41FB-9991-21D481E8577F}.Debug|x64.ActiveCfg = Debug|Any CPU
		{D165F7E5-860A-41FB-9991-21D481E8577F}.Debug|x64.Build.0 = Debug|Any CPU
		{D165F7E5-860A-41FB-9991-21D481E8577F}.Debug|x86.ActiveCfg = Debug|Any CPU
		{D165F7E5-860A-41FB-9991-21D481E8577F}.Debug|x86.Build.0 = Debug|Any CPU
		{D165F7E5-860A-41FB-9991-21D481E8577F}.Release|Any CPU.ActiveCfg = Release|Any CPU
		{D165F7E5-860A-41FB-9991-21D481E8577F}.Release|Any CPU.Build.0 = Release|Any CPU
		{D165F7E5-860A-41FB-9991-21D481E8577F}.Release|x64.ActiveCfg = Release|Any CPU
		{D165F7E5-860A-41FB-9991-21D481E8577F}.Release|x64.Build.0 = Release|Any CPU
		{D165F7E5-860A-41FB-9991-21D481E8577F}.Release|x86.ActiveCfg = Release|Any CPU
		{D165F7E5-860A-41FB-9991-21D481E8577F}.Release|x86.Build.0 = Release|Any CPU
		{661546A6-31D8-4885-9142-5A0CDF2BF9E3}.Debug|Any CPU.ActiveCfg = Debug|Any CPU
		{661546A6-31D8-4885-9142-5A0CDF2BF9E3}.Debug|Any CPU.Build.0 = Debug|Any CPU
		{661546A6-31D8-4885-9142-5A0CDF2BF9E3}.Debug|x64.ActiveCfg = Debug|Any CPU
		{661546A6-31D8-4885-9142-5A0CDF2BF9E3}.Debug|x64.Build.0 = Debug|Any CPU
		{661546A6-31D8-4885-9142-5A0CDF2BF9E3}.Debug|x86.ActiveCfg = Debug|Any CPU
		{661546A6-31D8-4885-9142-5A0CDF2BF9E3}.Debug|x86.Build.0 = Debug|Any CPU
		{661546A6-31D8-4885-9142-5A0CDF2BF9E3}.Release|Any CPU.ActiveCfg = Release|Any CPU
		{661546A6-31D8-4885-9142-5A0CDF2BF9E3}.Release|Any CPU.Build.0 = Release|Any CPU
		{661546A6-31D8-4885-9142-5A0CDF2BF9E3}.Release|x64.ActiveCfg = Release|Any CPU
		{661546A6-31D8-4885-9142-5A0CDF2BF9E3}.Release|x64.Build.0 = Release|Any CPU
		{661546A6-31D8-4885-9142-5A0CDF2BF9E3}.Release|x86.ActiveCfg = Release|Any CPU
		{661546A6-31D8-4885-9142-5A0CDF2BF9E3}.Release|x86.Build.0 = Release|Any CPU
		{F4DE0C92-F752-4F56-8B11-1F76AD18C11C}.Debug|Any CPU.ActiveCfg = Debug|Any CPU
		{F4DE0C92-F752-4F56-8B11-1F76AD18C11C}.Debug|Any CPU.Build.0 = Debug|Any CPU
		{F4DE0C92-F752-4F56-8B11-1F76AD18C11C}.Debug|x64.ActiveCfg = Debug|Any CPU
		{F4DE0C92-F752-4F56-8B11-1F76AD18C11C}.Debug|x64.Build.0 = Debug|Any CPU
		{F4DE0C92-F752-4F56-8B11-1F76AD18C11C}.Debug|x86.ActiveCfg = Debug|Any CPU
		{F4DE0C92-F752-4F56-8B11-1F76AD18C11C}.Debug|x86.Build.0 = Debug|Any CPU
		{F4DE0C92-F752-4F56-8B11-1F76AD18C11C}.Release|Any CPU.ActiveCfg = Release|Any CPU
		{F4DE0C92-F752-4F56-8B11-1F76AD18C11C}.Release|Any CPU.Build.0 = Release|Any CPU
		{F4DE0C92-F752-4F56-8B11-1F76AD18C11C}.Release|x64.ActiveCfg = Release|Any CPU
		{F4DE0C92-F752-4F56-8B11-1F76AD18C11C}.Release|x64.Build.0 = Release|Any CPU
		{F4DE0C92-F752-4F56-8B11-1F76AD18C11C}.Release|x86.ActiveCfg = Release|Any CPU
		{F4DE0C92-F752-4F56-8B11-1F76AD18C11C}.Release|x86.Build.0 = Release|Any CPU
		{AA885C34-5AFD-47F4-996D-0B347485332D}.Debug|Any CPU.ActiveCfg = Debug|Any CPU
		{AA885C34-5AFD-47F4-996D-0B347485332D}.Debug|Any CPU.Build.0 = Debug|Any CPU
		{AA885C34-5AFD-47F4-996D-0B347485332D}.Debug|x64.ActiveCfg = Debug|Any CPU
		{AA885C34-5AFD-47F4-996D-0B347485332D}.Debug|x64.Build.0 = Debug|Any CPU
		{AA885C34-5AFD-47F4-996D-0B347485332D}.Debug|x86.ActiveCfg = Debug|Any CPU
		{AA885C34-5AFD-47F4-996D-0B347485332D}.Debug|x86.Build.0 = Debug|Any CPU
		{AA885C34-5AFD-47F4-996D-0B347485332D}.Release|Any CPU.ActiveCfg = Release|Any CPU
		{AA885C34-5AFD-47F4-996D-0B347485332D}.Release|Any CPU.Build.0 = Release|Any CPU
		{AA885C34-5AFD-47F4-996D-0B347485332D}.Release|x64.ActiveCfg = Release|Any CPU
		{AA885C34-5AFD-47F4-996D-0B347485332D}.Release|x64.Build.0 = Release|Any CPU
		{AA885C34-5AFD-47F4-996D-0B347485332D}.Release|x86.ActiveCfg = Release|Any CPU
		{AA885C34-5AFD-47F4-996D-0B347485332D}.Release|x86.Build.0 = Release|Any CPU
		{5AC033CE-5923-4428-BA50-A92F2CFC7B2F}.Debug|Any CPU.ActiveCfg = Debug|Any CPU
		{5AC033CE-5923-4428-BA50-A92F2CFC7B2F}.Debug|Any CPU.Build.0 = Debug|Any CPU
		{5AC033CE-5923-4428-BA50-A92F2CFC7B2F}.Debug|x64.ActiveCfg = Debug|Any CPU
		{5AC033CE-5923-4428-BA50-A92F2CFC7B2F}.Debug|x64.Build.0 = Debug|Any CPU
		{5AC033CE-5923-4428-BA50-A92F2CFC7B2F}.Debug|x86.ActiveCfg = Debug|Any CPU
		{5AC033CE-5923-4428-BA50-A92F2CFC7B2F}.Debug|x86.Build.0 = Debug|Any CPU
		{5AC033CE-5923-4428-BA50-A92F2CFC7B2F}.Release|Any CPU.ActiveCfg = Release|Any CPU
		{5AC033CE-5923-4428-BA50-A92F2CFC7B2F}.Release|Any CPU.Build.0 = Release|Any CPU
		{5AC033CE-5923-4428-BA50-A92F2CFC7B2F}.Release|x64.ActiveCfg = Release|Any CPU
		{5AC033CE-5923-4428-BA50-A92F2CFC7B2F}.Release|x64.Build.0 = Release|Any CPU
		{5AC033CE-5923-4428-BA50-A92F2CFC7B2F}.Release|x86.ActiveCfg = Release|Any CPU
		{5AC033CE-5923-4428-BA50-A92F2CFC7B2F}.Release|x86.Build.0 = Release|Any CPU
		{7C87FBE2-183C-4522-BE55-3CD84E40BAD3}.Debug|Any CPU.ActiveCfg = Debug|Any CPU
		{7C87FBE2-183C-4522-BE55-3CD84E40BAD3}.Debug|Any CPU.Build.0 = Debug|Any CPU
		{7C87FBE2-183C-4522-BE55-3CD84E40BAD3}.Debug|x64.ActiveCfg = Debug|Any CPU
		{7C87FBE2-183C-4522-BE55-3CD84E40BAD3}.Debug|x64.Build.0 = Debug|Any CPU
		{7C87FBE2-183C-4522-BE55-3CD84E40BAD3}.Debug|x86.ActiveCfg = Debug|Any CPU
		{7C87FBE2-183C-4522-BE55-3CD84E40BAD3}.Debug|x86.Build.0 = Debug|Any CPU
		{7C87FBE2-183C-4522-BE55-3CD84E40BAD3}.Release|Any CPU.ActiveCfg = Release|Any CPU
		{7C87FBE2-183C-4522-BE55-3CD84E40BAD3}.Release|Any CPU.Build.0 = Release|Any CPU
		{7C87FBE2-183C-4522-BE55-3CD84E40BAD3}.Release|x64.ActiveCfg = Release|Any CPU
		{7C87FBE2-183C-4522-BE55-3CD84E40BAD3}.Release|x64.Build.0 = Release|Any CPU
		{7C87FBE2-183C-4522-BE55-3CD84E40BAD3}.Release|x86.ActiveCfg = Release|Any CPU
		{7C87FBE2-183C-4522-BE55-3CD84E40BAD3}.Release|x86.Build.0 = Release|Any CPU
	EndGlobalSection
	GlobalSection(SolutionProperties) = preSolution
		HideSolutionNode = FALSE
	EndGlobalSection
	GlobalSection(ExtensibilityGlobals) = postSolution
		SolutionGuid = {4C140D92-9873-458F-85CA-8CB58B807670}
	EndGlobalSection
EndGlobal
